
Microsoft Visual Studio Solution File, Format Version 12.00
# Visual Studio 2012
Project("{FAE04EC0-301F-11D3-BF4B-00C04F79EFBC}") = "LOG_DCAL", "LOG_DCAL\LOG_DCAL.csproj", "{547EC81C-B7D0-4332-AC23-E2FCE7CA5656}"
EndProject
Global
	GlobalSection(SolutionConfigurationPlatforms) = preSolution
		Debug|Any CPU = Debug|Any CPU
		Release|Any CPU = Release|Any CPU
	EndGlobalSection
	GlobalSection(ProjectConfigurationPlatforms) = postSolution
		{547EC81C-B7D0-4332-AC23-E2FCE7CA5656}.Debug|Any CPU.ActiveCfg = Debug|Any CPU
		{547EC81C-B7D0-4332-AC23-E2FCE7CA5656}.Debug|Any CPU.Build.0 = Debug|Any CPU
		{547EC81C-B7D0-4332-AC23-E2FCE7CA5656}.Release|Any CPU.ActiveCfg = Release|Any CPU
		{547EC81C-B7D0-4332-AC23-E2FCE7CA5656}.Release|Any CPU.Build.0 = Release|Any CPU
	EndGlobalSection
	GlobalSection(SolutionProperties) = preSolution
		HideSolutionNode = FALSE
	EndGlobalSection
EndGlobal
